
Microsoft Visual Studio Solution File, Format Version 12.00
# Visual Studio Version 17
VisualStudioVersion = 17.0.31903.59
MinimumVisualStudioVersion = 10.0.40219.1
Project("{2150E333-8FDC-42A3-9474-1A3956D46DE8}") = "BFF", "BFF", "{217601DA-6167-4317-ACA7-4385C20929F8}"
EndProject
Project("{FAE04EC0-301F-11D3-BF4B-00C04F79EFBC}") = "BFF", "BFF\BFF\BFF.csproj", "{A37C364C-C9D0-43B6-9F3E-ECAB6DF65B1E}"
EndProject
Project("{FAE04EC0-301F-11D3-BF4B-00C04F79EFBC}") = "BFF.Tests", "BFF\BFF.Tests\BFF.Tests.csproj", "{9D44F229-050A-4785-B105-39F1F40898B7}"
EndProject
Global
	GlobalSection(SolutionConfigurationPlatforms) = preSolution
		Debug|Any CPU = Debug|Any CPU
		Release|Any CPU = Release|Any CPU
	EndGlobalSection
	GlobalSection(SolutionProperties) = preSolution
		HideSolutionNode = FALSE
	EndGlobalSection
	GlobalSection(ProjectConfigurationPlatforms) = postSolution
		{A37C364C-C9D0-43B6-9F3E-ECAB6DF65B1E}.Debug|Any CPU.ActiveCfg = Debug|Any CPU
		{A37C364C-C9D0-43B6-9F3E-ECAB6DF65B1E}.Debug|Any CPU.Build.0 = Debug|Any CPU
		{A37C364C-C9D0-43B6-9F3E-ECAB6DF65B1E}.Release|Any CPU.ActiveCfg = Release|Any CPU
		{A37C364C-C9D0-43B6-9F3E-ECAB6DF65B1E}.Release|Any CPU.Build.0 = Release|Any CPU
		{9D44F229-050A-4785-B105-39F1F40898B7}.Debug|Any CPU.ActiveCfg = Debug|Any CPU
		{9D44F229-050A-4785-B105-39F1F40898B7}.Debug|Any CPU.Build.0 = Debug|Any CPU
		{9D44F229-050A-4785-B105-39F1F40898B7}.Release|Any CPU.ActiveCfg = Release|Any CPU
		{9D44F229-050A-4785-B105-39F1F40898B7}.Release|Any CPU.Build.0 = Release|Any CPU
	EndGlobalSection
	GlobalSection(NestedProjects) = preSolution
		{A37C364C-C9D0-43B6-9F3E-ECAB6DF65B1E} = {217601DA-6167-4317-ACA7-4385C20929F8}
		{9D44F229-050A-4785-B105-39F1F40898B7} = {217601DA-6167-4317-ACA7-4385C20929F8}
	EndGlobalSection
EndGlobal
